
Microsoft Visual Studio Solution File, Format Version 12.00
# Visual Studio Version 17
VisualStudioVersion = 17.10.35004.147
MinimumVisualStudioVersion = 10.0.40219.1
Project("{9A19103F-16F7-4668-BE54-9A1E7A4F7556}") = "EsercitazioneSettimanale1", "EsercitazioneSettimanale1.csproj", "{620260EA-F764-46B3-8945-4C6541AF6CDF}"
EndProject
Global
	GlobalSection(SolutionConfigurationPlatforms) = preSolution
		Debug|Any CPU = Debug|Any CPU
		Release|Any CPU = Release|Any CPU
	EndGlobalSection
	GlobalSection(ProjectConfigurationPlatforms) = postSolution
		{620260EA-F764-46B3-8945-4C6541AF6CDF}.Debug|Any CPU.ActiveCfg = Debug|Any CPU
		{620260EA-F764-46B3-8945-4C6541AF6CDF}.Debug|Any CPU.Build.0 = Debug|Any CPU
		{620260EA-F764-46B3-8945-4C6541AF6CDF}.Release|Any CPU.ActiveCfg = Release|Any CPU
		{620260EA-F764-46B3-8945-4C6541AF6CDF}.Release|Any CPU.Build.0 = Release|Any CPU
	EndGlobalSection
	GlobalSection(SolutionProperties) = preSolution
		HideSolutionNode = FALSE
	EndGlobalSection
	GlobalSection(ExtensibilityGlobals) = postSolution
		SolutionGuid = {8A3DCAFB-53EB-4698-9BA0-7723FC135525}
	EndGlobalSection
EndGlobal
