
Microsoft Visual Studio Solution File, Format Version 12.00
# Visual Studio Version 17
VisualStudioVersion = 17.10.35004.147
MinimumVisualStudioVersion = 10.0.40219.1
Project("{FAE04EC0-301F-11D3-BF4B-00C04F79EFBC}") = "DeliveryService", "DeliveryService\DeliveryService.csproj", "{F065DA3D-3B2D-490F-8DC8-9F27D1D1E6AF}"
EndProject
Global
	GlobalSection(SolutionConfigurationPlatforms) = preSolution
		Debug|Any CPU = Debug|Any CPU
		Release|Any CPU = Release|Any CPU
	EndGlobalSection
	GlobalSection(ProjectConfigurationPlatforms) = postSolution
		{F065DA3D-3B2D-490F-8DC8-9F27D1D1E6AF}.Debug|Any CPU.ActiveCfg = Debug|Any CPU
		{F065DA3D-3B2D-490F-8DC8-9F27D1D1E6AF}.Debug|Any CPU.Build.0 = Debug|Any CPU
		{F065DA3D-3B2D-490F-8DC8-9F27D1D1E6AF}.Release|Any CPU.ActiveCfg = Release|Any CPU
		{F065DA3D-3B2D-490F-8DC8-9F27D1D1E6AF}.Release|Any CPU.Build.0 = Release|Any CPU
	EndGlobalSection
	GlobalSection(SolutionProperties) = preSolution
		HideSolutionNode = FALSE
	EndGlobalSection
	GlobalSection(ExtensibilityGlobals) = postSolution
		SolutionGuid = {AC68266B-8789-4FA9-A464-87CFBC1696DD}
	EndGlobalSection
EndGlobal
