
Microsoft Visual Studio Solution File, Format Version 12.00
# Visual Studio Version 17
VisualStudioVersion = 17.10.35004.147
MinimumVisualStudioVersion = 10.0.40219.1
Project("{FAE04EC0-301F-11D3-BF4B-00C04F79EFBC}") = "D3", "D3\D3.csproj", "{35814F6A-EE73-497F-8899-CE68D36CD1FB}"
EndProject
Global
	GlobalSection(SolutionConfigurationPlatforms) = preSolution
		Debug|Any CPU = Debug|Any CPU
		Release|Any CPU = Release|Any CPU
	EndGlobalSection
	GlobalSection(ProjectConfigurationPlatforms) = postSolution
		{35814F6A-EE73-497F-8899-CE68D36CD1FB}.Debug|Any CPU.ActiveCfg = Debug|Any CPU
		{35814F6A-EE73-497F-8899-CE68D36CD1FB}.Debug|Any CPU.Build.0 = Debug|Any CPU
		{35814F6A-EE73-497F-8899-CE68D36CD1FB}.Release|Any CPU.ActiveCfg = Release|Any CPU
		{35814F6A-EE73-497F-8899-CE68D36CD1FB}.Release|Any CPU.Build.0 = Release|Any CPU
	EndGlobalSection
	GlobalSection(SolutionProperties) = preSolution
		HideSolutionNode = FALSE
	EndGlobalSection
	GlobalSection(ExtensibilityGlobals) = postSolution
		SolutionGuid = {26B1DE1D-5870-462D-B8A8-13396A5FDB59}
	EndGlobalSection
EndGlobal
